schema: '2.0'
stages:
  latex-word-round-trip:
    cmd: calkit xenv -n dev --no-check -- python scripts/latex-word-round-trip.py
    deps:
    - path: .python-version
      hash: md5
      md5: 61939823fbcc7e8de3b61ab105331baf
      size: 5
    - path: calkit/cli/latex.py
      hash: md5
      md5: 49ad0818445886c8530cab2dc82e2fe2
      size: 111959
    - path: calkit/docx.py
      hash: md5
      md5: 7862d8079e091ea3c6b36208478f377c
      size: 55141
    - path: calkit/latex.py
      hash: md5
      md5: f8d4b92c4e2ce931f61b825ec8f11a0b
      size: 45907
    - path: examples/latex-word/calkit.yaml
      hash: md5
      md5: d9c80531cea0141a4290d62a2880a991
      size: 1437
    - path: examples/latex-word/paper/main.tex
      hash: md5
      md5: fa6f785b02bab9d2dcff0280cc820be9
      size: 1523
    - path: examples/latex-word/paper/methods.tex
      hash: md5
      md5: df067d760f63b56b1339b7db03ef92f6
      size: 2403
    - path: examples/latex-word/paper/refs.bib
      hash: md5
      md5: e0dc4acc6b79fa352cbc5fbc4de8e0af
      size: 879
    - path: examples/latex-word/scripts/plot-wake.py
      hash: md5
      md5: d408073e0b7d015b98bc37327afd10e2
      size: 500
    - path: scripts/latex-word-round-trip.py
      hash: md5
      md5: 7d94d72d661fffd189ac06584c1ab7a5
      size: 4924
    - path: uv.lock
      hash: md5
      md5: 6149c56ecbd59f41ebf21e6bb9fb99fe
      size: 1725116
    outs:
    - path: results/latex-word-round-trip.json
      hash: md5
      md5: e9eb3bb4e2c11d9cd7c2282804b4afba
      size: 311
    - path: results/latex-word-round-trip/original.pdf
      hash: md5
      md5: c1510ffe70b59c6037f4d23987803614
      size: 173421
    - path: results/latex-word-round-trip/rebuilt.pdf
      hash: md5
      md5: c1510ffe70b59c6037f4d23987803614
      size: 173421
    - path: results/latex-word-round-trip/review.docx
      hash: md5
      md5: b44ffe2ead5c975af293c6c77a237fb5
      size: 36148
    - path: results/latex-word-round-trip/review.pdf
      hash: md5
      md5: 216497e7caaff733c8eb407bf741c608
      size: 121666
  latex-word-round-trip-figure:
    cmd: calkit xenv -n dev --no-check -- python scripts/plot-latex-word-round-trip.py
    deps:
    - path: .python-version
      hash: md5
      md5: 61939823fbcc7e8de3b61ab105331baf
      size: 5
    - path: results/latex-word-round-trip/original.pdf
      hash: md5
      md5: c1510ffe70b59c6037f4d23987803614
      size: 173421
    - path: results/latex-word-round-trip/rebuilt.pdf
      hash: md5
      md5: c1510ffe70b59c6037f4d23987803614
      size: 173421
    - path: results/latex-word-round-trip/review.pdf
      hash: md5
      md5: 216497e7caaff733c8eb407bf741c608
      size: 121666
    - path: scripts/plot-latex-word-round-trip.py
      hash: md5
      md5: d9d7b45c12044f5ae8f54491c383ecd4
      size: 1662
    - path: uv.lock
      hash: md5
      md5: 6149c56ecbd59f41ebf21e6bb9fb99fe
      size: 1725116
    outs:
    - path: docs/img/latex-word-round-trip.png
      hash: md5
      md5: ff2996932a5710d3b8e87ea0f16dadba
      size: 206939
  latex-image-readme/sizes:
    cmd: calkit xenv -n dev --no-check -- python .calkit/markdown/images/latex/README.md/sizes.py
    deps:
    - path: .calkit/markdown/images/latex/README.md/sizes.py
      hash: md5
      md5: 8957703e760b2a61772fd845dbcaee5e
      size: 1765
    - path: .python-version
      hash: md5
      md5: 61939823fbcc7e8de3b61ab105331baf
      size: 5
    - path: calkit/latex.py
      hash: md5
      md5: f8d4b92c4e2ce931f61b825ec8f11a0b
      size: 45907
    - path: uv.lock
      hash: md5
      md5: 6149c56ecbd59f41ebf21e6bb9fb99fe
      size: 1725116
    outs:
    - path: images/latex/sizes.json
      hash: md5
      md5: f211bfc03530ce5c6156fe8e1e772e73
      size: 384
