schema: '2.0'
stages:
  latex-word-round-trip:
    cmd: calkit xenv -n dev --no-check -- python scripts/latex-word-round-trip.py
    deps:
    - path: .python-version
      hash: md5
      md5: 61939823fbcc7e8de3b61ab105331baf
      size: 5
    - path: calkit/cli/latex.py
      hash: md5
      md5: 1217b34a1a3cc42493c56ce42eaa48f1
      size: 110414
    - path: calkit/docx.py
      hash: md5
      md5: ae55ff8e67201dc37855878e6f5c8235
      size: 52670
    - path: calkit/latex.py
      hash: md5
      md5: f6bd959b400a2468d70f2e8dfc28467b
      size: 45907
    - path: examples/latex-word/calkit.yaml
      hash: md5
      md5: d9c80531cea0141a4290d62a2880a991
      size: 1437
    - path: examples/latex-word/paper/main.tex
      hash: md5
      md5: fa6f785b02bab9d2dcff0280cc820be9
      size: 1523
    - path: examples/latex-word/paper/methods.tex
      hash: md5
      md5: df067d760f63b56b1339b7db03ef92f6
      size: 2403
    - path: examples/latex-word/paper/refs.bib
      hash: md5
      md5: e0dc4acc6b79fa352cbc5fbc4de8e0af
      size: 879
    - path: examples/latex-word/scripts/plot-wake.py
      hash: md5
      md5: d408073e0b7d015b98bc37327afd10e2
      size: 500
    - path: scripts/latex-word-round-trip.py
      hash: md5
      md5: 7d94d72d661fffd189ac06584c1ab7a5
      size: 4924
    - path: uv.lock
      hash: md5
      md5: 6149c56ecbd59f41ebf21e6bb9fb99fe
      size: 1725116
    outs:
    - path: results/latex-word-round-trip.json
      hash: md5
      md5: e9eb3bb4e2c11d9cd7c2282804b4afba
      size: 311
    - path: results/latex-word-round-trip/original.pdf
      hash: md5
      md5: 1a0d2dc83250044127bfff7ef300cba8
      size: 173294
    - path: results/latex-word-round-trip/rebuilt.pdf
      hash: md5
      md5: 1a0d2dc83250044127bfff7ef300cba8
      size: 173294
    - path: results/latex-word-round-trip/review.docx
      hash: md5
      md5: 624d296885fe0828c32b3ca3eebae301
      size: 36248
    - path: results/latex-word-round-trip/review.pdf
      hash: md5
      md5: 969c595282061daaf37dabdc10f550d3
      size: 121899
  latex-word-round-trip-figure:
    cmd: calkit xenv -n dev --no-check -- python scripts/plot-latex-word-round-trip.py
    deps:
    - path: .python-version
      hash: md5
      md5: 61939823fbcc7e8de3b61ab105331baf
      size: 5
    - path: results/latex-word-round-trip/original.pdf
      hash: md5
      md5: 1a0d2dc83250044127bfff7ef300cba8
      size: 173294
    - path: results/latex-word-round-trip/rebuilt.pdf
      hash: md5
      md5: 1a0d2dc83250044127bfff7ef300cba8
      size: 173294
    - path: results/latex-word-round-trip/review.pdf
      hash: md5
      md5: 969c595282061daaf37dabdc10f550d3
      size: 121899
    - path: scripts/plot-latex-word-round-trip.py
      hash: md5
      md5: d9d7b45c12044f5ae8f54491c383ecd4
      size: 1662
    - path: uv.lock
      hash: md5
      md5: 6149c56ecbd59f41ebf21e6bb9fb99fe
      size: 1725116
    outs:
    - path: docs/img/latex-word-round-trip.png
      hash: md5
      md5: 8877dc6f1216c3684b416fc388192a28
      size: 206930
  latex-image-readme/sizes:
    cmd: calkit xenv -n dev --no-check -- python .calkit/markdown/images/latex/README.md/sizes.py
    deps:
    - path: .calkit/markdown/images/latex/README.md/sizes.py
      hash: md5
      md5: 8957703e760b2a61772fd845dbcaee5e
      size: 1765
    - path: .python-version
      hash: md5
      md5: 61939823fbcc7e8de3b61ab105331baf
      size: 5
    - path: calkit/latex.py
      hash: md5
      md5: f6bd959b400a2468d70f2e8dfc28467b
      size: 45907
    - path: uv.lock
      hash: md5
      md5: 6149c56ecbd59f41ebf21e6bb9fb99fe
      size: 1725116
    outs:
    - path: images/latex/sizes.json
      hash: md5
      md5: f6cec74dbaa8c56bbb2c59e9b3aaee8c
      size: 382
  research-flow:
    cmd: calkit xenv -n dev --no-check -- python scripts/research-flow.py
    deps:
    - path: .python-version
      hash: md5
      md5: 61939823fbcc7e8de3b61ab105331baf
      size: 5
    - path: scripts/research-flow.py
      hash: md5
      md5: 9d64046cc8321007fc2e7931ffd5a816
      size: 29855
    - path: uv.lock
      hash: md5
      md5: 252c68ccae32923f843aa23a43371454
      size: 1725871
    outs:
    - path: results/research-flow.json
      hash: md5
      md5: b53e850573ec05f982c3d5d3b08850fa
      size: 26148
  research-flow-figure:
    cmd: calkit xenv -n dev --no-check -- python scripts/plot-research-flow.py
    deps:
    - path: .python-version
      hash: md5
      md5: 61939823fbcc7e8de3b61ab105331baf
      size: 5
    - path: results/research-flow.json
      hash: md5
      md5: b53e850573ec05f982c3d5d3b08850fa
      size: 26148
    - path: scripts/plot-research-flow.py
      hash: md5
      md5: f92b39ab18fb02a53922f28829ab7edf
      size: 8268
    - path: uv.lock
      hash: md5
      md5: 252c68ccae32923f843aa23a43371454
      size: 1725871
    outs:
    - path: docs/img/research-flow-goals.png
      hash: md5
      md5: 2fa1e5925ce58546dd3aaa47bde672ab
      size: 89429
    - path: docs/img/research-flow.png
      hash: md5
      md5: 40d0d10932579dd1b99807c86efa78d8
      size: 348451
  one-pager-latex:
    cmd: calkit xenv -n dev --no-check -- python scripts/one-pager-to-latex.py
    deps:
    - path: .python-version
      hash: md5
      md5: 61939823fbcc7e8de3b61ab105331baf
      size: 5
    - path: calkit.yaml
      hash: md5
      md5: 316bc5cab16d876f7eb50c8c29cb0127
      size: 7374
    - path: docs/one-pager/main.md
      hash: md5
      md5: e7d55a1d276af190f6baef087c3181fe
      size: 3742
    - path: docs/one-pager/one-pager.lua
      hash: md5
      md5: 161bbc0cccd2e991cdc03924cedaef55
      size: 2101
    - path: docs/one-pager/template.tex
      hash: md5
      md5: 47f68a484b191a8647cf6219c9a12e26
      size: 2930
    - path: results/research-flow.json
      hash: md5
      md5: b53e850573ec05f982c3d5d3b08850fa
      size: 26148
    - path: scripts/one-pager-to-latex.py
      hash: md5
      md5: da10f6e19b0337cc7e07d099721cd57e
      size: 3477
    - path: uv.lock
      hash: md5
      md5: 252c68ccae32923f843aa23a43371454
      size: 1725871
    outs:
    - path: docs/one-pager/main.tex
      hash: md5
      md5: 886392bc1e2c1f173af81a2a2814292b
      size: 7089
  one-pager:
    cmd: calkit latex build -e tex --no-check docs/one-pager/main.tex
    deps:
    - path: .calkit/env-locks/tex
      hash: md5
      md5: 754729e57f9f4aa1cb5ceb64a84b6901.dir
      size: 2658
      nfiles: 2
    - path: docs/img/pipeline.png
      hash: md5
      md5: 0c09798b4e2fd432f0ca5f0edefb5b38
      size: 50359
    - path: docs/one-pager/main.tex
      hash: md5
      md5: 886392bc1e2c1f173af81a2a2814292b
      size: 7089
    - path: docs/one-pager/main.tex
      hash: md5
      md5: 886392bc1e2c1f173af81a2a2814292b
      size: 7089
    outs:
    - path: docs/one-pager/main.pdf
      hash: md5
      md5: 309f6f68b1ffa29869f3e6a9d4e2e4dc
      size: 121304
