schema: '2.0'
stages:
  build-paper:
    cmd: calkit latex build -e tex --no-check paper/main.tex
    deps:
    - path: .calkit/env-locks/tex
      hash: md5
      md5: 92243501d7c8e4386853adc821e64e9d.dir
      size: 2136
      nfiles: 2
    - path: paper/figures
      hash: md5
      md5: ed8090d325a61eaf205c05b580906681.dir
      size: 10835
      nfiles: 2
    - path: paper/main.tex
      hash: md5
      md5: 04cb52487ba170543c68108486110272
      size: 1530
    - path: paper/methods.tex
      hash: md5
      md5: dc72182bfa9c42e69f41247216f7632f
      size: 671
    - path: paper/refs.bib
      hash: md5
      md5: ffcc0d351b85648c6ed8cf6c098fc8f2
      size: 388
    outs:
    - path: paper/main.pdf
      hash: md5
      md5: 0db2cb0f07abc9039273e3cbf3d3d347
      size: 124860
  plot-wake:
    cmd: calkit xenv -n py --no-check -- python scripts/plot-wake.py
    deps:
    - path: .calkit/env-locks/py
      hash: md5
      md5: 7971f102faaa43f0e2abdd58c6dab862.dir
      size: 189
      nfiles: 1
    - path: scripts/plot-wake.py
      hash: md5
      md5: d408073e0b7d015b98bc37327afd10e2
      size: 500
    outs:
    - path: figures/wake-deficit.pdf
      hash: md5
      md5: 54d6a1c9d11678e62db731a90bd514cd
      size: 10817
  figs-to-paper:
    cmd: calkit map-paths --dir-to-dir-replace 'figures->paper/figures'
    deps:
    - path: figures
      hash: md5
      md5: ed8090d325a61eaf205c05b580906681.dir
      size: 10835
      nfiles: 2
    outs:
    - path: paper/figures
      hash: md5
      md5: ed8090d325a61eaf205c05b580906681.dir
      size: 10835
      nfiles: 2
