schema: '2.0'
stages:
  build-paper:
    cmd: calkit latex build -e tex --no-check paper/main.tex
    deps:
    - path: .calkit/env-locks/tex
      hash: md5
      md5: ca605297a62a9f6c2f9232ea84bbadc6.dir
      size: 2658
      nfiles: 2
    - path: paper/figures
      hash: md5
      md5: 91b2ffbfd60097650380e5f4a70d903a.dir
      size: 10835
      nfiles: 2
    - path: paper/main.tex
      hash: md5
      md5: fa6f785b02bab9d2dcff0280cc820be9
      size: 1523
    - path: paper/methods.tex
      hash: md5
      md5: df067d760f63b56b1339b7db03ef92f6
      size: 2403
    - path: paper/refs.bib
      hash: md5
      md5: e0dc4acc6b79fa352cbc5fbc4de8e0af
      size: 879
    outs:
    - path: paper/main.pdf
      hash: md5
      md5: e48a512f0045a03e7e6205f213528b4e
      size: 173961
  plot-wake:
    cmd: calkit xenv -n py --no-check -- python scripts/plot-wake.py
    deps:
    - path: .calkit/env-locks/py
      hash: md5
      md5: 399b8b8c9af3162242d15f5feee3462b.dir
      size: 378
      nfiles: 2
    - path: scripts/plot-wake.py
      hash: md5
      md5: d408073e0b7d015b98bc37327afd10e2
      size: 500
    outs:
    - path: figures/wake-deficit.pdf
      hash: md5
      md5: 7438113f235a5958f0be20182249cd78
      size: 10817
  figs-to-paper:
    cmd: calkit map-paths --dir-to-dir-replace "figures->paper/figures"
    deps:
    - path: figures
      hash: md5
      md5: 91b2ffbfd60097650380e5f4a70d903a.dir
      size: 10835
      nfiles: 2
    outs:
    - path: paper/figures
      hash: md5
      md5: 91b2ffbfd60097650380e5f4a70d903a.dir
      size: 10835
      nfiles: 2
