{
  "R": {
    "Version": "4.5.2",
    "Repositories": [
      {
        "Name": "CRAN",
        "URL": "https://cloud.r-project.org"
      }
    ]
  },
  "Packages": {
    "R6": {
      "Package": "R6",
      "Version": "2.6.1",
      "Source": "Repository",
      "Title": "Encapsulated Classes with Reference Semantics",
      "Authors@R": "c( person(\"Winston\", \"Chang\", , \"winston@posit.co\", role = c(\"aut\", \"cre\")), person(\"Posit Software, PBC\", role = c(\"cph\", \"fnd\")) )",
      "Description": "Creates classes with reference semantics, similar to R's built-in reference classes. Compared to reference classes, R6 classes are simpler and lighter-weight, and they are not built on S4 classes so they do not require the methods package. These classes allow public and private members, and they support inheritance, even when the classes are defined in different packages.",
      "License": "MIT + file LICENSE",
      "URL": "https://r6.r-lib.org, https://github.com/r-lib/R6",
      "BugReports": "https://github.com/r-lib/R6/issues",
      "Depends": [
        "R (>= 3.6)"
      ],
      "Suggests": [
        "lobstr",
        "testthat (>= 3.0.0)"
      ],
      "Config/Needs/website": "tidyverse/tidytemplate, ggplot2, microbenchmark, scales",
      "Config/testthat/edition": "3",
      "Encoding": "UTF-8",
      "RoxygenNote": "7.3.2",
      "NeedsCompilation": "no",
      "Author": "Winston Chang [aut, cre], Posit Software, PBC [cph, fnd]",
      "Maintainer": "Winston Chang <winston@posit.co>",
      "Repository": "https://cran.r-project.org/"
    },
    "RColorBrewer": {
      "Package": "RColorBrewer",
      "Version": "1.1-3",
      "Source": "Repository",
      "Date": "2022-04-03",
      "Title": "ColorBrewer Palettes",
      "Authors@R": "c(person(given = \"Erich\", family = \"Neuwirth\", role = c(\"aut\", \"cre\"), email = \"erich.neuwirth@univie.ac.at\"))",
      "Author": "Erich Neuwirth [aut, cre]",
      "Maintainer": "Erich Neuwirth <erich.neuwirth@univie.ac.at>",
      "Depends": [
        "R (>= 2.0.0)"
      ],
      "Description": "Provides color schemes for maps (and other graphics) designed by Cynthia Brewer as described at http://colorbrewer2.org.",
      "License": "Apache License 2.0",
      "NeedsCompilation": "no",
      "Repository": "https://packagemanager.posit.co/cran/latest",
      "Encoding": "UTF-8"
    },
    "S7": {
      "Package": "S7",
      "Version": "0.2.2",
      "Source": "Repository",
      "Title": "An Object Oriented System Meant to Become a Successor to S3 and S4",
      "Authors@R": "c( person(\"Object-Oriented Programming Working Group\", role = \"cph\"), person(\"Davis\", \"Vaughan\", role = \"aut\"), person(\"Jim\", \"Hester\", role = \"aut\", comment = c(ORCID = \"0000-0002-2739-7082\")), person(\"Tomasz\", \"Kalinowski\", role = \"aut\"), person(\"Will\", \"Landau\", role = \"aut\"), person(\"Michael\", \"Lawrence\", role = \"aut\"), person(\"Martin\", \"Maechler\", role = \"aut\", comment = c(ORCID = \"0000-0002-8685-9910\")), person(\"Luke\", \"Tierney\", role = \"aut\"), person(\"Hadley\", \"Wickham\", , \"hadley@posit.co\", role = c(\"aut\", \"cre\"), comment = c(ORCID = \"0000-0003-4757-117X\")) )",
      "Description": "A new object oriented programming system designed to be a successor to S3 and S4. It includes formal class, generic, and method specification, and a limited form of multiple dispatch. It has been designed and implemented collaboratively by the R Consortium Object-Oriented Programming Working Group, which includes representatives from R-Core, 'Bioconductor', 'Posit'/'tidyverse', and the wider R community.",
      "License": "MIT + file LICENSE",
      "URL": "https://rconsortium.github.io/S7/, https://github.com/RConsortium/S7",
      "BugReports": "https://github.com/RConsortium/S7/issues",
      "Depends": [
        "R (>= 3.5.0)"
      ],
      "Imports": [
        "utils"
      ],
      "Suggests": [
        "bench",
        "callr",
        "covr",
        "knitr",
        "methods",
        "rmarkdown",
        "testthat (>= 3.2.0)",
        "tibble"
      ],
      "VignetteBuilder": "knitr",
      "Config/build/compilation-database": "true",
      "Config/Needs/website": "sloop",
      "Config/testthat/edition": "3",
      "Config/testthat/parallel": "TRUE",
      "Config/testthat/start-first": "external-generic",
      "Encoding": "UTF-8",
      "RoxygenNote": "7.3.3",
      "NeedsCompilation": "yes",
      "Author": "Object-Oriented Programming Working Group [cph], Davis Vaughan [aut], Jim Hester [aut] (ORCID: <https://orcid.org/0000-0002-2739-7082>), Tomasz Kalinowski [aut], Will Landau [aut], Michael Lawrence [aut], Martin Maechler [aut] (ORCID: <https://orcid.org/0000-0002-8685-9910>), Luke Tierney [aut], Hadley Wickham [aut, cre] (ORCID: <https://orcid.org/0000-0003-4757-117X>)",
      "Maintainer": "Hadley Wickham <hadley@posit.co>",
      "Repository": "CRAN"
    },
    "cli": {
      "Package": "cli",
      "Version": "3.6.6",
      "Source": "Repository",
      "Title": "Helpers for Developing Command Line Interfaces",
      "Authors@R": "c( person(\"Gábor\", \"Csárdi\", , \"gabor@posit.co\", role = c(\"aut\", \"cre\")), person(\"Hadley\", \"Wickham\", role = \"ctb\"), person(\"Kirill\", \"Müller\", role = \"ctb\"), person(\"Salim\", \"Brüggemann\", , \"salim-b@pm.me\", role = \"ctb\", comment = c(ORCID = \"0000-0002-5329-5987\")), person(\"Posit Software, PBC\", role = c(\"cph\", \"fnd\"), comment = c(ROR = \"03wc8by49\")) )",
      "Description": "A suite of tools to build attractive command line interfaces ('CLIs'), from semantic elements: headings, lists, alerts, paragraphs, etc. Supports custom themes via a 'CSS'-like language. It also contains a number of lower level 'CLI' elements: rules, boxes, trees, and 'Unicode' symbols with 'ASCII' alternatives. It support ANSI colors and text styles as well.",
      "License": "MIT + file LICENSE",
      "URL": "https://cli.r-lib.org, https://github.com/r-lib/cli",
      "BugReports": "https://github.com/r-lib/cli/issues",
      "Depends": [
        "R (>= 3.4)"
      ],
      "Imports": [
        "utils"
      ],
      "Suggests": [
        "callr",
        "covr",
        "crayon",
        "digest",
        "glue (>= 1.6.0)",
        "grDevices",
        "htmltools",
        "htmlwidgets",
        "knitr",
        "methods",
        "processx",
        "ps (>= 1.3.4.9000)",
        "rlang (>= 1.0.2.9003)",
        "rmarkdown",
        "rprojroot",
        "rstudioapi",
        "testthat (>= 3.2.0)",
        "tibble",
        "whoami",
        "withr"
      ],
      "Config/Needs/website": "r-lib/asciicast, bench, brio, cpp11, decor, desc, fansi, prettyunits, sessioninfo, tidyverse/tidytemplate, usethis, vctrs",
      "Config/testthat/edition": "3",
      "Config/usethis/last-upkeep": "2025-04-25",
      "Encoding": "UTF-8",
      "RoxygenNote": "7.3.2.9000",
      "NeedsCompilation": "yes",
      "Author": "Gábor Csárdi [aut, cre], Hadley Wickham [ctb], Kirill Müller [ctb], Salim Brüggemann [ctb] (ORCID: <https://orcid.org/0000-0002-5329-5987>), Posit Software, PBC [cph, fnd] (ROR: <https://ror.org/03wc8by49>)",
      "Maintainer": "Gábor Csárdi <gabor@posit.co>",
      "Repository": "CRAN"
    },
    "cpp11": {
      "Package": "cpp11",
      "Version": "0.5.5",
      "Source": "Repository",
      "Title": "A C++11 Interface for R's C Interface",
      "Authors@R": "c( person(\"Davis\", \"Vaughan\", email = \"davis@posit.co\", role = c(\"aut\", \"cre\"), comment = c(ORCID = \"0000-0003-4777-038X\")), person(\"Jim\",\"Hester\", role = \"aut\", comment = c(ORCID = \"0000-0002-2739-7082\")), person(\"Romain\", \"François\", role = \"aut\", comment = c(ORCID = \"0000-0002-2444-4226\")), person(\"Benjamin\", \"Kietzman\", role = \"ctb\"), person(\"Posit Software, PBC\", role = c(\"cph\", \"fnd\")) )",
      "Description": "Provides a header only, C++11 interface to R's C interface.  Compared to other approaches 'cpp11' strives to be safe against long jumps from the C API as well as C++ exceptions, conform to normal R function semantics and supports interaction with 'ALTREP' vectors.",
      "License": "MIT + file LICENSE",
      "URL": "https://cpp11.r-lib.org, https://github.com/r-lib/cpp11",
      "BugReports": "https://github.com/r-lib/cpp11/issues",
      "Depends": [
        "R (>= 4.0.0)"
      ],
      "Suggests": [
        "bench",
        "brio",
        "callr",
        "cli",
        "covr",
        "decor",
        "desc",
        "ggplot2",
        "glue",
        "knitr",
        "lobstr",
        "mockery",
        "progress",
        "rmarkdown",
        "scales",
        "Rcpp",
        "testthat (>= 3.2.0)",
        "tibble",
        "utils",
        "vctrs",
        "withr"
      ],
      "VignetteBuilder": "knitr",
      "Config/Needs/website": "tidyverse/tidytemplate",
      "Config/testthat/edition": "3",
      "Config/Needs/cpp11/cpp_register": "brio, cli, decor, desc, glue, tibble, vctrs",
      "Encoding": "UTF-8",
      "RoxygenNote": "7.3.3",
      "NeedsCompilation": "no",
      "Author": "Davis Vaughan [aut, cre] (ORCID: <https://orcid.org/0000-0003-4777-038X>), Jim Hester [aut] (ORCID: <https://orcid.org/0000-0002-2739-7082>), Romain François [aut] (ORCID: <https://orcid.org/0000-0002-2444-4226>), Benjamin Kietzman [ctb], Posit Software, PBC [cph, fnd]",
      "Maintainer": "Davis Vaughan <davis@posit.co>",
      "Repository": "CRAN"
    },
    "farver": {
      "Package": "farver",
      "Version": "2.1.2",
      "Source": "Repository",
      "Type": "Package",
      "Title": "High Performance Colour Space Manipulation",
      "Authors@R": "c( person(\"Thomas Lin\", \"Pedersen\", , \"thomas.pedersen@posit.co\", role = c(\"cre\", \"aut\"), comment = c(ORCID = \"0000-0002-5147-4711\")), person(\"Berendea\", \"Nicolae\", role = \"aut\", comment = \"Author of the ColorSpace C++ library\"), person(\"Romain\", \"François\", , \"romain@purrple.cat\", role = \"aut\", comment = c(ORCID = \"0000-0002-2444-4226\")), person(\"Posit, PBC\", role = c(\"cph\", \"fnd\")) )",
      "Description": "The encoding of colour can be handled in many different ways, using different colour spaces. As different colour spaces have different uses, efficient conversion between these representations are important. The 'farver' package provides a set of functions that gives access to very fast colour space conversion and comparisons implemented in C++, and offers speed improvements over the 'convertColor' function in the 'grDevices' package.",
      "License": "MIT + file LICENSE",
      "URL": "https://farver.data-imaginist.com, https://github.com/thomasp85/farver",
      "BugReports": "https://github.com/thomasp85/farver/issues",
      "Suggests": [
        "covr",
        "testthat (>= 3.0.0)"
      ],
      "Config/testthat/edition": "3",
      "Encoding": "UTF-8",
      "RoxygenNote": "7.3.1",
      "NeedsCompilation": "yes",
      "Author": "Thomas Lin Pedersen [cre, aut] (<https://orcid.org/0000-0002-5147-4711>), Berendea Nicolae [aut] (Author of the ColorSpace C++ library), Romain François [aut] (<https://orcid.org/0000-0002-2444-4226>), Posit, PBC [cph, fnd]",
      "Maintainer": "Thomas Lin Pedersen <thomas.pedersen@posit.co>",
      "Repository": "https://packagemanager.posit.co/cran/latest"
    },
    "ggplot2": {
      "Package": "ggplot2",
      "Version": "4.0.3",
      "Source": "Repository",
      "Title": "Create Elegant Data Visualisations Using the Grammar of Graphics",
      "Authors@R": "c( person(\"Hadley\", \"Wickham\", , \"hadley@posit.co\", role = \"aut\", comment = c(ORCID = \"0000-0003-4757-117X\")), person(\"Winston\", \"Chang\", role = \"aut\", comment = c(ORCID = \"0000-0002-1576-2126\")), person(\"Lionel\", \"Henry\", role = \"aut\"), person(\"Thomas Lin\", \"Pedersen\", , \"thomas.pedersen@posit.co\", role = c(\"aut\", \"cre\"), comment = c(ORCID = \"0000-0002-5147-4711\")), person(\"Kohske\", \"Takahashi\", role = \"aut\"), person(\"Claus\", \"Wilke\", role = \"aut\", comment = c(ORCID = \"0000-0002-7470-9261\")), person(\"Kara\", \"Woo\", role = \"aut\", comment = c(ORCID = \"0000-0002-5125-4188\")), person(\"Hiroaki\", \"Yutani\", role = \"aut\", comment = c(ORCID = \"0000-0002-3385-7233\")), person(\"Dewey\", \"Dunnington\", role = \"aut\", comment = c(ORCID = \"0000-0002-9415-4582\")), person(\"Teun\", \"van den Brand\", role = \"aut\", comment = c(ORCID = \"0000-0002-9335-7468\")), person(\"Posit, PBC\", role = c(\"cph\", \"fnd\"), comment = c(ROR = \"03wc8by49\")) )",
      "Description": "A system for 'declaratively' creating graphics, based on \"The Grammar of Graphics\". You provide the data, tell 'ggplot2' how to map variables to aesthetics, what graphical primitives to use, and it takes care of the details.",
      "License": "MIT + file LICENSE",
      "URL": "https://ggplot2.tidyverse.org, https://github.com/tidyverse/ggplot2",
      "BugReports": "https://github.com/tidyverse/ggplot2/issues",
      "Depends": [
        "R (>= 4.1)"
      ],
      "Imports": [
        "cli",
        "grDevices",
        "grid",
        "gtable (>= 0.3.6)",
        "isoband",
        "lifecycle (> 1.0.1)",
        "rlang (>= 1.1.0)",
        "S7",
        "scales (>= 1.4.0)",
        "stats",
        "vctrs (>= 0.6.0)",
        "withr (>= 2.5.0)"
      ],
      "Suggests": [
        "broom",
        "covr",
        "dplyr",
        "ggplot2movies",
        "hexbin",
        "Hmisc",
        "hms",
        "knitr",
        "mapproj",
        "maps",
        "MASS",
        "mgcv",
        "multcomp",
        "munsell",
        "nlme",
        "profvis",
        "quantreg",
        "quarto",
        "ragg (>= 1.2.6)",
        "RColorBrewer",
        "roxygen2",
        "rpart",
        "sf (>= 0.7-3)",
        "svglite (>= 2.1.2)",
        "testthat (>= 3.1.5)",
        "tibble",
        "vdiffr (>= 1.0.6)",
        "xml2"
      ],
      "Enhances": [
        "sp"
      ],
      "VignetteBuilder": "quarto",
      "Config/Needs/website": "ggtext, tidyr, forcats, tidyverse/tidytemplate",
      "Config/testthat/edition": "3",
      "Config/usethis/last-upkeep": "2025-04-23",
      "Encoding": "UTF-8",
      "LazyData": "true",
      "RoxygenNote": "7.3.3",
      "Collate": "'ggproto.R' 'ggplot-global.R' 'aaa-.R' 'aes-colour-fill-alpha.R' 'aes-evaluation.R' 'aes-group-order.R' 'aes-linetype-size-shape.R' 'aes-position.R' 'all-classes.R' 'compat-plyr.R' 'utilities.R' 'aes.R' 'annotation-borders.R' 'utilities-checks.R' 'legend-draw.R' 'geom-.R' 'annotation-custom.R' 'annotation-logticks.R' 'scale-type.R' 'layer.R' 'make-constructor.R' 'geom-polygon.R' 'geom-map.R' 'annotation-map.R' 'geom-raster.R' 'annotation-raster.R' 'annotation.R' 'autolayer.R' 'autoplot.R' 'axis-secondary.R' 'backports.R' 'bench.R' 'bin.R' 'coord-.R' 'coord-cartesian-.R' 'coord-fixed.R' 'coord-flip.R' 'coord-map.R' 'coord-munch.R' 'coord-polar.R' 'coord-quickmap.R' 'coord-radial.R' 'coord-sf.R' 'coord-transform.R' 'data.R' 'docs_layer.R' 'facet-.R' 'facet-grid-.R' 'facet-null.R' 'facet-wrap.R' 'fortify-map.R' 'fortify-models.R' 'fortify-spatial.R' 'fortify.R' 'stat-.R' 'geom-abline.R' 'geom-rect.R' 'geom-bar.R' 'geom-tile.R' 'geom-bin2d.R' 'geom-blank.R' 'geom-boxplot.R' 'geom-col.R' 'geom-path.R' 'geom-contour.R' 'geom-point.R' 'geom-count.R' 'geom-crossbar.R' 'geom-segment.R' 'geom-curve.R' 'geom-defaults.R' 'geom-ribbon.R' 'geom-density.R' 'geom-density2d.R' 'geom-dotplot.R' 'geom-errorbar.R' 'geom-freqpoly.R' 'geom-function.R' 'geom-hex.R' 'geom-histogram.R' 'geom-hline.R' 'geom-jitter.R' 'geom-label.R' 'geom-linerange.R' 'geom-pointrange.R' 'geom-quantile.R' 'geom-rug.R' 'geom-sf.R' 'geom-smooth.R' 'geom-spoke.R' 'geom-text.R' 'geom-violin.R' 'geom-vline.R' 'ggplot2-package.R' 'grob-absolute.R' 'grob-dotstack.R' 'grob-null.R' 'grouping.R' 'properties.R' 'margins.R' 'theme-elements.R' 'guide-.R' 'guide-axis.R' 'guide-axis-logticks.R' 'guide-axis-stack.R' 'guide-axis-theta.R' 'guide-legend.R' 'guide-bins.R' 'guide-colorbar.R' 'guide-colorsteps.R' 'guide-custom.R' 'guide-none.R' 'guide-old.R' 'guides-.R' 'guides-grid.R' 'hexbin.R' 'import-standalone-obj-type.R' 'import-standalone-types-check.R' 'labeller.R' 'labels.R' 'layer-sf.R' 'layout.R' 'limits.R' 'performance.R' 'plot-build.R' 'plot-construction.R' 'plot-last.R' 'plot.R' 'position-.R' 'position-collide.R' 'position-dodge.R' 'position-dodge2.R' 'position-identity.R' 'position-jitter.R' 'position-jitterdodge.R' 'position-nudge.R' 'position-stack.R' 'quick-plot.R' 'reshape-add-margins.R' 'save.R' 'scale-.R' 'scale-alpha.R' 'scale-binned.R' 'scale-brewer.R' 'scale-colour.R' 'scale-continuous.R' 'scale-date.R' 'scale-discrete-.R' 'scale-expansion.R' 'scale-gradient.R' 'scale-grey.R' 'scale-hue.R' 'scale-identity.R' 'scale-linetype.R' 'scale-linewidth.R' 'scale-manual.R' 'scale-shape.R' 'scale-size.R' 'scale-steps.R' 'scale-view.R' 'scale-viridis.R' 'scales-.R' 'stat-align.R' 'stat-bin.R' 'stat-summary-2d.R' 'stat-bin2d.R' 'stat-bindot.R' 'stat-binhex.R' 'stat-boxplot.R' 'stat-connect.R' 'stat-contour.R' 'stat-count.R' 'stat-density-2d.R' 'stat-density.R' 'stat-ecdf.R' 'stat-ellipse.R' 'stat-function.R' 'stat-identity.R' 'stat-manual.R' 'stat-qq-line.R' 'stat-qq.R' 'stat-quantilemethods.R' 'stat-sf-coordinates.R' 'stat-sf.R' 'stat-smooth-methods.R' 'stat-smooth.R' 'stat-sum.R' 'stat-summary-bin.R' 'stat-summary-hex.R' 'stat-summary.R' 'stat-unique.R' 'stat-ydensity.R' 'summarise-plot.R' 'summary.R' 'theme.R' 'theme-defaults.R' 'theme-current.R' 'theme-sub.R' 'utilities-break.R' 'utilities-grid.R' 'utilities-help.R' 'utilities-patterns.R' 'utilities-resolution.R' 'utilities-tidy-eval.R' 'zxx.R' 'zzz.R'",
      "NeedsCompilation": "no",
      "Author": "Hadley Wickham [aut] (ORCID: <https://orcid.org/0000-0003-4757-117X>), Winston Chang [aut] (ORCID: <https://orcid.org/0000-0002-1576-2126>), Lionel Henry [aut], Thomas Lin Pedersen [aut, cre] (ORCID: <https://orcid.org/0000-0002-5147-4711>), Kohske Takahashi [aut], Claus Wilke [aut] (ORCID: <https://orcid.org/0000-0002-7470-9261>), Kara Woo [aut] (ORCID: <https://orcid.org/0000-0002-5125-4188>), Hiroaki Yutani [aut] (ORCID: <https://orcid.org/0000-0002-3385-7233>), Dewey Dunnington [aut] (ORCID: <https://orcid.org/0000-0002-9415-4582>), Teun van den Brand [aut] (ORCID: <https://orcid.org/0000-0002-9335-7468>), Posit, PBC [cph, fnd] (ROR: <https://ror.org/03wc8by49>)",
      "Maintainer": "Thomas Lin Pedersen <thomas.pedersen@posit.co>",
      "Repository": "CRAN"
    },
    "glue": {
      "Package": "glue",
      "Version": "1.8.1",
      "Source": "Repository",
      "Title": "Interpreted String Literals",
      "Authors@R": "c( person(\"Jim\", \"Hester\", role = \"aut\", comment = c(ORCID = \"0000-0002-2739-7082\")), person(\"Jennifer\", \"Bryan\", , \"jenny@posit.co\", role = c(\"aut\", \"cre\"), comment = c(ORCID = \"0000-0002-6983-2759\")), person(\"Posit Software, PBC\", role = c(\"cph\", \"fnd\"), comment = c(ROR = \"03wc8by49\")) )",
      "Description": "An implementation of interpreted string literals, inspired by Python's Literal String Interpolation <https://www.python.org/dev/peps/pep-0498/> and Docstrings <https://www.python.org/dev/peps/pep-0257/> and Julia's Triple-Quoted String Literals <https://docs.julialang.org/en/v1.3/manual/strings/#Triple-Quoted-String-Literals-1>.",
      "License": "MIT + file LICENSE",
      "URL": "https://glue.tidyverse.org/, https://github.com/tidyverse/glue",
      "BugReports": "https://github.com/tidyverse/glue/issues",
      "Depends": [
        "R (>= 4.1)"
      ],
      "Imports": [
        "methods"
      ],
      "Suggests": [
        "crayon",
        "DBI (>= 1.2.0)",
        "dplyr",
        "knitr",
        "rlang",
        "rmarkdown",
        "RSQLite",
        "testthat (>= 3.2.0)",
        "vctrs (>= 0.3.0)",
        "waldo (>= 0.5.3)",
        "withr"
      ],
      "VignetteBuilder": "knitr",
      "ByteCompile": "true",
      "Config/Needs/website": "bench, forcats, ggbeeswarm, ggplot2, R.utils, rprintf, tidyr, tidyverse/tidytemplate",
      "Config/testthat/edition": "3",
      "Config/usethis/last-upkeep": "2026-04-16",
      "Encoding": "UTF-8",
      "RoxygenNote": "7.3.3",
      "NeedsCompilation": "yes",
      "Author": "Jim Hester [aut] (ORCID: <https://orcid.org/0000-0002-2739-7082>), Jennifer Bryan [aut, cre] (ORCID: <https://orcid.org/0000-0002-6983-2759>), Posit Software, PBC [cph, fnd] (ROR: <https://ror.org/03wc8by49>)",
      "Maintainer": "Jennifer Bryan <jenny@posit.co>",
      "Repository": "CRAN"
    },
    "gtable": {
      "Package": "gtable",
      "Version": "0.3.6",
      "Source": "Repository",
      "Title": "Arrange 'Grobs' in Tables",
      "Authors@R": "c( person(\"Hadley\", \"Wickham\", , \"hadley@posit.co\", role = \"aut\"), person(\"Thomas Lin\", \"Pedersen\", , \"thomas.pedersen@posit.co\", role = c(\"aut\", \"cre\")), person(\"Posit Software, PBC\", role = c(\"cph\", \"fnd\")) )",
      "Description": "Tools to make it easier to work with \"tables\" of 'grobs'. The 'gtable' package defines a 'gtable' grob class that specifies a grid along with a list of grobs and their placement in the grid. Further the package makes it easy to manipulate and combine 'gtable' objects so that complex compositions can be built up sequentially.",
      "License": "MIT + file LICENSE",
      "URL": "https://gtable.r-lib.org, https://github.com/r-lib/gtable",
      "BugReports": "https://github.com/r-lib/gtable/issues",
      "Depends": [
        "R (>= 4.0)"
      ],
      "Imports": [
        "cli",
        "glue",
        "grid",
        "lifecycle",
        "rlang (>= 1.1.0)",
        "stats"
      ],
      "Suggests": [
        "covr",
        "ggplot2",
        "knitr",
        "profvis",
        "rmarkdown",
        "testthat (>= 3.0.0)"
      ],
      "VignetteBuilder": "knitr",
      "Config/Needs/website": "tidyverse/tidytemplate",
      "Config/testthat/edition": "3",
      "Config/usethis/last-upkeep": "2024-10-25",
      "Encoding": "UTF-8",
      "RoxygenNote": "7.3.2",
      "NeedsCompilation": "no",
      "Author": "Hadley Wickham [aut], Thomas Lin Pedersen [aut, cre], Posit Software, PBC [cph, fnd]",
      "Maintainer": "Thomas Lin Pedersen <thomas.pedersen@posit.co>",
      "Repository": "https://packagemanager.posit.co/cran/latest"
    },
    "isoband": {
      "Package": "isoband",
      "Version": "0.3.0",
      "Source": "Repository",
      "Title": "Generate Isolines and Isobands from Regularly Spaced Elevation Grids",
      "Authors@R": "c( person(\"Hadley\", \"Wickham\", , \"hadley@posit.co\", role = \"aut\", comment = c(ORCID = \"0000-0003-4757-117X\")), person(\"Claus O.\", \"Wilke\", , \"wilke@austin.utexas.edu\", role = \"aut\", comment = c(\"Original author\", ORCID = \"0000-0002-7470-9261\")), person(\"Thomas Lin\", \"Pedersen\", , \"thomas.pedersen@posit.co\", role = c(\"aut\", \"cre\"), comment = c(ORCID = \"0000-0002-5147-4711\")), person(\"Posit, PBC\", role = c(\"cph\", \"fnd\"), comment = c(ROR = \"03wc8by49\")) )",
      "Description": "A fast C++ implementation to generate contour lines (isolines) and contour polygons (isobands) from regularly spaced grids containing elevation data.",
      "License": "MIT + file LICENSE",
      "URL": "https://isoband.r-lib.org, https://github.com/r-lib/isoband",
      "BugReports": "https://github.com/r-lib/isoband/issues",
      "Imports": [
        "cli",
        "grid",
        "rlang",
        "utils"
      ],
      "Suggests": [
        "covr",
        "ggplot2",
        "knitr",
        "magick",
        "bench",
        "rmarkdown",
        "sf",
        "testthat (>= 3.0.0)",
        "xml2"
      ],
      "VignetteBuilder": "knitr",
      "Config/Needs/website": "tidyverse/tidytemplate",
      "Config/testthat/edition": "3",
      "Config/usethis/last-upkeep": "2025-12-05",
      "Encoding": "UTF-8",
      "RoxygenNote": "7.3.3",
      "Config/build/compilation-database": "true",
      "LinkingTo": [
        "cpp11"
      ],
      "NeedsCompilation": "yes",
      "Author": "Hadley Wickham [aut] (ORCID: <https://orcid.org/0000-0003-4757-117X>), Claus O. Wilke [aut] (Original author, ORCID: <https://orcid.org/0000-0002-7470-9261>), Thomas Lin Pedersen [aut, cre] (ORCID: <https://orcid.org/0000-0002-5147-4711>), Posit, PBC [cph, fnd] (ROR: <https://ror.org/03wc8by49>)",
      "Maintainer": "Thomas Lin Pedersen <thomas.pedersen@posit.co>",
      "Repository": "CRAN"
    },
    "labeling": {
      "Package": "labeling",
      "Version": "0.4.3",
      "Source": "Repository",
      "Type": "Package",
      "Title": "Axis Labeling",
      "Date": "2023-08-29",
      "Author": "Justin Talbot,",
      "Maintainer": "Nuno Sempere <nuno.semperelh@gmail.com>",
      "Description": "Functions which provide a range of axis labeling algorithms.",
      "License": "MIT + file LICENSE | Unlimited",
      "Collate": "'labeling.R'",
      "NeedsCompilation": "no",
      "Imports": [
        "stats",
        "graphics"
      ],
      "Repository": "https://packagemanager.posit.co/cran/latest",
      "Encoding": "UTF-8"
    },
    "lifecycle": {
      "Package": "lifecycle",
      "Version": "1.0.5",
      "Source": "Repository",
      "Title": "Manage the Life Cycle of your Package Functions",
      "Authors@R": "c( person(\"Lionel\", \"Henry\", , \"lionel@posit.co\", role = c(\"aut\", \"cre\")), person(\"Hadley\", \"Wickham\", , \"hadley@posit.co\", role = \"aut\", comment = c(ORCID = \"0000-0003-4757-117X\")), person(\"Posit Software, PBC\", role = c(\"cph\", \"fnd\")) )",
      "Description": "Manage the life cycle of your exported functions with shared conventions, documentation badges, and user-friendly deprecation warnings.",
      "License": "MIT + file LICENSE",
      "URL": "https://lifecycle.r-lib.org/, https://github.com/r-lib/lifecycle",
      "BugReports": "https://github.com/r-lib/lifecycle/issues",
      "Depends": [
        "R (>= 3.6)"
      ],
      "Imports": [
        "cli (>= 3.4.0)",
        "rlang (>= 1.1.0)"
      ],
      "Suggests": [
        "covr",
        "knitr",
        "lintr (>= 3.1.0)",
        "rmarkdown",
        "testthat (>= 3.0.1)",
        "tibble",
        "tidyverse",
        "tools",
        "vctrs",
        "withr",
        "xml2"
      ],
      "VignetteBuilder": "knitr",
      "Config/Needs/website": "tidyverse/tidytemplate, usethis",
      "Config/testthat/edition": "3",
      "Encoding": "UTF-8",
      "RoxygenNote": "7.3.3",
      "NeedsCompilation": "no",
      "Author": "Lionel Henry [aut, cre], Hadley Wickham [aut] (ORCID: <https://orcid.org/0000-0003-4757-117X>), Posit Software, PBC [cph, fnd]",
      "Maintainer": "Lionel Henry <lionel@posit.co>",
      "Repository": "CRAN"
    },
    "renv": {
      "Package": "renv",
      "Version": "1.1.5",
      "Source": "Repository",
      "Type": "Package",
      "Title": "Project Environments",
      "Authors@R": "c( person(\"Kevin\", \"Ushey\", role = c(\"aut\", \"cre\"), email = \"kevin@rstudio.com\", comment = c(ORCID = \"0000-0003-2880-7407\")), person(\"Hadley\", \"Wickham\", role = c(\"aut\"), email = \"hadley@rstudio.com\", comment = c(ORCID = \"0000-0003-4757-117X\")), person(\"Posit Software, PBC\", role = c(\"cph\", \"fnd\")) )",
      "Description": "A dependency management toolkit for R. Using 'renv', you can create and manage project-local R libraries, save the state of these libraries to a 'lockfile', and later restore your library as required. Together, these tools can help make your projects more isolated, portable, and reproducible.",
      "License": "MIT + file LICENSE",
      "URL": "https://rstudio.github.io/renv/, https://github.com/rstudio/renv",
      "BugReports": "https://github.com/rstudio/renv/issues",
      "Imports": [
        "utils"
      ],
      "Suggests": [
        "BiocManager",
        "cli",
        "compiler",
        "covr",
        "cpp11",
        "devtools",
        "generics",
        "gitcreds",
        "jsonlite",
        "jsonvalidate",
        "knitr",
        "miniUI",
        "modules",
        "packrat",
        "pak",
        "R6",
        "remotes",
        "reticulate",
        "rmarkdown",
        "rstudioapi",
        "shiny",
        "testthat",
        "uuid",
        "waldo",
        "yaml",
        "webfakes"
      ],
      "Encoding": "UTF-8",
      "RoxygenNote": "7.3.2",
      "VignetteBuilder": "knitr",
      "Config/Needs/website": "tidyverse/tidytemplate",
      "Config/testthat/edition": "3",
      "Config/testthat/parallel": "true",
      "Config/testthat/start-first": "bioconductor,python,install,restore,snapshot,retrieve,remotes",
      "NeedsCompilation": "no",
      "Author": "Kevin Ushey [aut, cre] (ORCID: <https://orcid.org/0000-0003-2880-7407>), Hadley Wickham [aut] (ORCID: <https://orcid.org/0000-0003-4757-117X>), Posit Software, PBC [cph, fnd]",
      "Maintainer": "Kevin Ushey <kevin@rstudio.com>",
      "Repository": "CRAN"
    },
    "rlang": {
      "Package": "rlang",
      "Version": "1.3.0",
      "Source": "Repository",
      "Title": "Functions for Base Types and Core R and 'Tidyverse' Features",
      "Authors@R": "c( person(\"Lionel\", \"Henry\", , \"lionel@posit.co\", role = c(\"aut\", \"cre\")), person(\"Hadley\", \"Wickham\", , \"hadley@posit.co\", role = \"aut\"), person(\"mikefc\", , , \"mikefc@coolbutuseless.com\", role = \"cph\", comment = \"Hash implementation based on Mike's xxhashlite\"), person(\"Yann\", \"Collet\", role = \"cph\", comment = \"Author of the embedded xxHash library\"), person(\"Posit, PBC\", role = c(\"cph\", \"fnd\")) )",
      "Description": "A toolbox for working with base types, core R features like the condition system, and core 'Tidyverse' features like tidy evaluation.",
      "License": "MIT + file LICENSE",
      "URL": "https://rlang.r-lib.org, https://github.com/r-lib/rlang",
      "BugReports": "https://github.com/r-lib/rlang/issues",
      "Depends": [
        "R (>= 4.0.0)"
      ],
      "Imports": [
        "utils"
      ],
      "Suggests": [
        "cli (>= 3.1.0)",
        "covr",
        "crayon",
        "desc",
        "fs",
        "glue",
        "knitr",
        "magrittr",
        "methods",
        "pillar",
        "pkgload",
        "rmarkdown",
        "stats",
        "testthat (>= 3.3.2)",
        "tibble",
        "usethis",
        "vctrs (>= 0.2.3)",
        "withr"
      ],
      "Enhances": [
        "winch"
      ],
      "Biarch": "true",
      "ByteCompile": "true",
      "Config/build/compilation-database": "true",
      "Config/Needs/website": "dplyr, tidyverse/tidytemplate",
      "Config/roxygen2/version": "8.0.0",
      "Config/testthat/edition": "3",
      "Config/testthat/parallel": "true",
      "Encoding": "UTF-8",
      "NeedsCompilation": "yes",
      "Author": "Lionel Henry [aut, cre], Hadley Wickham [aut], mikefc [cph] (Hash implementation based on Mike's xxhashlite), Yann Collet [cph] (Author of the embedded xxHash library), Posit, PBC [cph, fnd]",
      "Maintainer": "Lionel Henry <lionel@posit.co>",
      "Repository": "CRAN"
    },
    "scales": {
      "Package": "scales",
      "Version": "1.4.0",
      "Source": "Repository",
      "Title": "Scale Functions for Visualization",
      "Authors@R": "c( person(\"Hadley\", \"Wickham\", , \"hadley@posit.co\", role = \"aut\"), person(\"Thomas Lin\", \"Pedersen\", , \"thomas.pedersen@posit.co\", role = c(\"cre\", \"aut\"), comment = c(ORCID = \"0000-0002-5147-4711\")), person(\"Dana\", \"Seidel\", role = \"aut\"), person(\"Posit Software, PBC\", role = c(\"cph\", \"fnd\"), comment = c(ROR = \"03wc8by49\")) )",
      "Description": "Graphical scales map data to aesthetics, and provide methods for automatically determining breaks and labels for axes and legends.",
      "License": "MIT + file LICENSE",
      "URL": "https://scales.r-lib.org, https://github.com/r-lib/scales",
      "BugReports": "https://github.com/r-lib/scales/issues",
      "Depends": [
        "R (>= 4.1)"
      ],
      "Imports": [
        "cli",
        "farver (>= 2.0.3)",
        "glue",
        "labeling",
        "lifecycle",
        "R6",
        "RColorBrewer",
        "rlang (>= 1.1.0)",
        "viridisLite"
      ],
      "Suggests": [
        "bit64",
        "covr",
        "dichromat",
        "ggplot2",
        "hms (>= 0.5.0)",
        "stringi",
        "testthat (>= 3.0.0)"
      ],
      "Config/Needs/website": "tidyverse/tidytemplate",
      "Config/testthat/edition": "3",
      "Config/usethis/last-upkeep": "2025-04-23",
      "Encoding": "UTF-8",
      "LazyLoad": "yes",
      "RoxygenNote": "7.3.2",
      "NeedsCompilation": "no",
      "Author": "Hadley Wickham [aut], Thomas Lin Pedersen [cre, aut] (<https://orcid.org/0000-0002-5147-4711>), Dana Seidel [aut], Posit Software, PBC [cph, fnd] (03wc8by49)",
      "Maintainer": "Thomas Lin Pedersen <thomas.pedersen@posit.co>",
      "Repository": "https://packagemanager.posit.co/cran/latest"
    },
    "vctrs": {
      "Package": "vctrs",
      "Version": "0.7.3",
      "Source": "Repository",
      "Title": "Vector Helpers",
      "Authors@R": "c( person(\"Hadley\", \"Wickham\", , \"hadley@posit.co\", role = \"aut\"), person(\"Lionel\", \"Henry\", , \"lionel@posit.co\", role = \"aut\"), person(\"Davis\", \"Vaughan\", , \"davis@posit.co\", role = c(\"aut\", \"cre\")), person(\"data.table team\", role = \"cph\", comment = \"Radix sort based on data.table's forder() and their contribution to R's order()\"), person(\"Posit Software, PBC\", role = c(\"cph\", \"fnd\")) )",
      "Description": "Defines new notions of prototype and size that are used to provide tools for consistent and well-founded type-coercion and size-recycling, and are in turn connected to ideas of type- and size-stability useful for analysing function interfaces.",
      "License": "MIT + file LICENSE",
      "URL": "https://vctrs.r-lib.org/, https://github.com/r-lib/vctrs",
      "BugReports": "https://github.com/r-lib/vctrs/issues",
      "Depends": [
        "R (>= 4.0.0)"
      ],
      "Imports": [
        "cli (>= 3.4.0)",
        "glue",
        "lifecycle (>= 1.0.3)",
        "rlang (>= 1.1.7)"
      ],
      "Suggests": [
        "bit64",
        "covr",
        "crayon",
        "dplyr (>= 0.8.5)",
        "generics",
        "knitr",
        "pillar (>= 1.4.4)",
        "pkgdown (>= 2.0.1)",
        "rmarkdown",
        "testthat (>= 3.0.0)",
        "tibble (>= 3.1.3)",
        "waldo (>= 0.2.0)",
        "withr",
        "xml2",
        "zeallot"
      ],
      "VignetteBuilder": "knitr",
      "Config/build/compilation-database": "true",
      "Config/Needs/website": "tidyverse/tidytemplate",
      "Config/testthat/edition": "3",
      "Config/testthat/parallel": "true",
      "Encoding": "UTF-8",
      "KeepSource": "true",
      "Language": "en-GB",
      "RoxygenNote": "7.3.3",
      "NeedsCompilation": "yes",
      "Author": "Hadley Wickham [aut], Lionel Henry [aut], Davis Vaughan [aut, cre], data.table team [cph] (Radix sort based on data.table's forder() and their contribution to R's order()), Posit Software, PBC [cph, fnd]",
      "Maintainer": "Davis Vaughan <davis@posit.co>",
      "Repository": "CRAN"
    },
    "viridisLite": {
      "Package": "viridisLite",
      "Version": "0.4.3",
      "Source": "Repository",
      "Type": "Package",
      "Title": "Colorblind-Friendly Color Maps (Lite Version)",
      "Date": "2026-02-03",
      "Authors@R": "c( person(\"Simon\", \"Garnier\", email = \"garnier@njit.edu\", role = c(\"aut\", \"cre\")), person(\"Noam\", \"Ross\", email = \"noam.ross@gmail.com\", role = c(\"ctb\", \"cph\")), person(\"Bob\", \"Rudis\", email = \"bob@rud.is\", role = c(\"ctb\", \"cph\")), person(\"Marco\", \"Sciaini\", email = \"sciaini.marco@gmail.com\", role = c(\"ctb\", \"cph\")), person(\"Antônio Pedro\", \"Camargo\", role = c(\"ctb\", \"cph\")), person(\"Cédric\", \"Scherer\", email = \"scherer@izw-berlin.de\", role = c(\"ctb\", \"cph\")) )",
      "Maintainer": "Simon Garnier <garnier@njit.edu>",
      "Description": "Color maps designed to improve graph readability for readers with  common forms of color blindness and/or color vision deficiency. The color  maps are also perceptually-uniform, both in regular form and also when  converted to black-and-white for printing. This is the 'lite' version of the  'viridis' package that also contains 'ggplot2' bindings for discrete and  continuous color and fill scales and can be found at  <https://cran.r-project.org/package=viridis>.",
      "License": "MIT + file LICENSE",
      "Encoding": "UTF-8",
      "Depends": [
        "R (>= 2.10)"
      ],
      "Suggests": [
        "hexbin (>= 1.27.0)",
        "ggplot2 (>= 1.0.1)",
        "testthat",
        "covr"
      ],
      "URL": "https://sjmgarnier.github.io/viridisLite/, https://github.com/sjmgarnier/viridisLite/",
      "BugReports": "https://github.com/sjmgarnier/viridisLite/issues/",
      "RoxygenNote": "7.3.3",
      "NeedsCompilation": "no",
      "Author": "Simon Garnier [aut, cre], Noam Ross [ctb, cph], Bob Rudis [ctb, cph], Marco Sciaini [ctb, cph], Antônio Pedro Camargo [ctb, cph], Cédric Scherer [ctb, cph]",
      "Repository": "CRAN"
    },
    "withr": {
      "Package": "withr",
      "Version": "3.0.3",
      "Source": "Repository",
      "Title": "Run Code 'With' Temporarily Modified Global State",
      "Authors@R": "c( person(\"Jim\", \"Hester\", role = \"aut\"), person(\"Lionel\", \"Henry\", , \"lionel@posit.co\", role = c(\"aut\", \"cre\")), person(\"Kirill\", \"Müller\", , \"krlmlr+r@mailbox.org\", role = \"aut\"), person(\"Kevin\", \"Ushey\", , \"kevinushey@gmail.com\", role = \"aut\"), person(\"Hadley\", \"Wickham\", , \"hadley@posit.co\", role = \"aut\"), person(\"Winston\", \"Chang\", role = \"aut\"), person(\"Jennifer\", \"Bryan\", role = \"ctb\"), person(\"Richard\", \"Cotton\", role = \"ctb\"), person(\"Posit Software, PBC\", role = c(\"cph\", \"fnd\")) )",
      "Description": "A set of functions to run code 'with' safely and temporarily modified global state. Many of these functions were originally a part of the 'devtools' package, this provides a simple package with limited dependencies to provide access to these functions.",
      "License": "MIT + file LICENSE",
      "URL": "https://withr.r-lib.org, https://github.com/r-lib/withr#readme",
      "BugReports": "https://github.com/r-lib/withr/issues",
      "Depends": [
        "R (>= 3.6.0)"
      ],
      "Imports": [
        "graphics",
        "grDevices"
      ],
      "Suggests": [
        "callr",
        "DBI",
        "knitr",
        "methods",
        "rlang",
        "rmarkdown (>= 2.12)",
        "RSQLite",
        "testthat (>= 3.0.0)"
      ],
      "VignetteBuilder": "knitr",
      "Config/Needs/website": "tidyverse/tidytemplate",
      "Config/testthat/edition": "3",
      "Encoding": "UTF-8",
      "RoxygenNote": "7.3.2",
      "Collate": "'aaa.R' 'collate.R' 'connection.R' 'db.R' 'defer-exit.R' 'standalone-defer.R' 'defer.R' 'devices.R' 'local_.R' 'with_.R' 'dir.R' 'env.R' 'file.R' 'language.R' 'libpaths.R' 'locale.R' 'makevars.R' 'namespace.R' 'options.R' 'par.R' 'path.R' 'rng.R' 'seed.R' 'wrap.R' 'sink.R' 'tempfile.R' 'timezone.R' 'torture.R' 'utils.R' 'with.R'",
      "NeedsCompilation": "no",
      "Author": "Jim Hester [aut], Lionel Henry [aut, cre], Kirill Müller [aut], Kevin Ushey [aut], Hadley Wickham [aut], Winston Chang [aut], Jennifer Bryan [ctb], Richard Cotton [ctb], Posit Software, PBC [cph, fnd]",
      "Maintainer": "Lionel Henry <lionel@posit.co>",
      "Repository": "CRAN"
    }
  }
}
